<?xml version="1.0" encoding="UTF-8" standalone="yes" ?>
<CodeBlocks_project_file>
	<FileVersion major="1" minor="6" />
	<Project>
		<Option title="Haunted Pinatas Evolved" />
		<Option pch_mode="2" />
		<Option compiler="gcc" />
		<Build>
			<Target title="Debug">
				<Option output="bin/Debug/Haunted Pinatas Evolved" prefix_auto="1" extension_auto="1" />
				<Option object_output="obj/Debug/" />
				<Option type="0" />
				<Option compiler="gcc" />
				<Compiler>
					<Add option="-g" />
					<Add directory="./" />
					<Add directory="game/" />
					<Add directory="game" />
					<Add directory="/" />
				</Compiler>
				<Linker>
					<Add library="sfml-graphics-d" />
					<Add library="sfml-audio-d" />
					<Add library="sfml-window-d" />
					<Add library="sfml-system-d" />
				</Linker>
			</Target>
			<Target title="Release">
				<Option output="bin/Release/Haunted Pinatas Evolved" prefix_auto="1" extension_auto="1" />
				<Option object_output="obj/Release/" />
				<Option type="0" />
				<Option compiler="gcc" />
				<Compiler>
					<Add option="-O2" />
					<Add directory="./" />
					<Add directory="game/" />
					<Add directory="game" />
				</Compiler>
				<ResourceCompiler>
					<Add directory="./" />
					<Add directory="assets/" />
				</ResourceCompiler>
				<Linker>
					<Add option="-s" />
					<Add library="sfml-graphics" />
					<Add library="sfml-audio" />
					<Add library="sfml-window" />
					<Add library="sfml-system" />
					<Add directory="./" />
					<Add directory="game/" />
				</Linker>
			</Target>
		</Build>
		<Compiler>
			<Add option="-Wall" />
			<Add directory="B:/Program Files/CodeBlocks/SFML-2.5.1/include" />
		</Compiler>
		<Linker>
			<Add library="mingw32" />
			<Add library="user32" />
			<Add library="gdi32" />
			<Add library="winmm" />
			<Add library="dxguid" />
			<Add directory="B:/Program Files/CodeBlocks/SFML-2.5.1/lib" />
		</Linker>
		<Unit filename=".gitattributes" />
		<Unit filename=".gitignore" />
		<Unit filename="Haunted Pinatas Evolved.depend" />
		<Unit filename="HelpMenu.cpp" />
		<Unit filename="HelpMenu.hpp" />
		<Unit filename="PauseMenu.cpp" />
		<Unit filename="PauseMenu.hpp" />
		<Unit filename="README.md" />
		<Unit filename="assets/ChillerStdRegular.otf" />
		<Unit filename="assets/InformalRoman.ttf" />
		<Unit filename="assets/haunted_pinata.ico" />
		<Unit filename="assets/icon.png" />
		<Unit filename="assets/menus/buttons.jpg" />
		<Unit filename="assets/menus/house.png" />
		<Unit filename="assets/menus/mainmenu.jpg" />
		<Unit filename="assets/menus/textlogo.png" />
		<Unit filename="assets/sound/fx-eat.ogg" />
		<Unit filename="assets/sound/fx-ghost-appear.ogg" />
		<Unit filename="assets/sound/fx-ghost-disappear.ogg" />
		<Unit filename="assets/sound/fx-player-damage.ogg" />
		<Unit filename="assets/sound/game-music.ogg" />
		<Unit filename="assets/sound/titlescreen-music.ogg" />
		<Unit filename="assets/sprites/misc/key-blue-x.png" />
		<Unit filename="assets/sprites/misc/key-blue-x.svg" />
		<Unit filename="assets/sprites/misc/key-blue.png" />
		<Unit filename="assets/sprites/misc/key-blue.svg" />
		<Unit filename="assets/sprites/misc/key-red-x.png" />
		<Unit filename="assets/sprites/misc/key-red-x.svg" />
		<Unit filename="assets/sprites/misc/key-red.png" />
		<Unit filename="assets/sprites/misc/key-red.svg" />
		<Unit filename="assets/sprites/misc/key-yellow-x.png" />
		<Unit filename="assets/sprites/misc/key-yellow-x.svg" />
		<Unit filename="assets/sprites/misc/key-yellow.png" />
		<Unit filename="assets/sprites/misc/key-yellow.svg" />
		<Unit filename="assets/sprites/player/hit/frame1.png" />
		<Unit filename="assets/sprites/player/hit/frame2.png" />
		<Unit filename="assets/sprites/player/hit/frame3.png" />
		<Unit filename="assets/sprites/player/hit/frame4.png" />
		<Unit filename="assets/sprites/player/hit_sheet-100w120h.png" />
		<Unit filename="assets/sprites/player/playersprite_back.png" />
		<Unit filename="assets/sprites/player/playersprite_front.png" />
		<Unit filename="assets/sprites/player/playersprite_left.png" />
		<Unit filename="assets/sprites/player/playersprite_right.png" />
		<Unit filename="assets/sprites/player/smack.gif" />
		<Unit filename="bin/Release/Haunted Pinatas Evolved.exe" />
		<Unit filename="cScreen.hpp" />
		<Unit filename="cb.bmp" />
		<Unit filename="game/Animation.cpp" />
		<Unit filename="game/Animation.h" />
		<Unit filename="game/GameWindow.cpp" />
		<Unit filename="game/GameWindow.hpp" />
		<Unit filename="game/Player.cpp" />
		<Unit filename="game/Player.hpp" />
		<Unit filename="hauntedpinatas-evolved.cscope_file_list" />
		<Unit filename="hauntedpinatas-evolved.depend" />
		<Unit filename="hauntedpinatas-evolved.layout" />
		<Unit filename="hauntedpinatas-evolved.layout.save" />
		<Unit filename="main.cpp" />
		<Unit filename="screens.hpp" />
		<Extensions>
			<lib_finder disable_auto="1" />
		</Extensions>
	</Project>
</CodeBlocks_project_file>
